{
    "_readme": [
        "This file locks the dependencies of your project to a known state",
        "Read more about it at https://getcomposer.org/doc/01-basic-usage.md#composer-lock-the-lock-file",
        "This file is @generated automatically"
    ],
    "content-hash": "b440519acd7c7b89f46cbee6a7acc7a1",
    "packages": [
        {
            "name": "bower-asset/ckeditor",
            "version": "dev-master",
            "source": {
                "type": "git",
                "url": "https://github.com/ckeditor/ckeditor-releases.git",
                "reference": "268078ab43195b6004d64bc8764c41f2f829640e"
            },
            "dist": {
                "type": "zip",
                "url": "https://api.github.com/repos/ckeditor/ckeditor-releases/zipball/268078ab43195b6004d64bc8764c41f2f829640e",
                "reference": "268078ab43195b6004d64bc8764c41f2f829640e",
                "shasum": ""
            },
            "type": "bower-asset-library",
            "extra": {
                "bower-asset-main": "./ckeditor.js"
            },
            "license": [
                "For licensing, see LICENSE.md or http://ckeditor.com/license."
            ],
            "description": "JavaScript WYSIWYG web text editor.",
            "keywords": [
                "ckeditor",
                "editor",
                "fckeditor",
                "html",
                "javascript",
                "richtext",
                "text",
                "wysiwyg"
            ],
            "time": "2017-01-12 17:36:48"
        },
        {
            "name": "bower-asset/ckeditor-markdown-plugin",
            "version": "dev-master",
            "source": {
                "type": "git",
                "url": "https://github.com/hectorguo/CKEditor-Markdown-Plugin.git",
                "reference": "7323b44a4f342cbab307f8aa47200ba911550c98"
            },
            "dist": {
                "type": "zip",
                "url": "https://api.github.com/repos/hectorguo/CKEditor-Markdown-Plugin/zipball/7323b44a4f342cbab307f8aa47200ba911550c98",
                "reference": "7323b44a4f342cbab307f8aa47200ba911550c98",
                "shasum": ""
            },
            "require": {
                "bower-asset/ckeditor": ">=4.0.0"
            },
            "type": "bower-asset-library",
            "extra": {
                "bower-asset-ignore": [
                    "**/.*",
                    "node_modules",
                    "bower_components",
                    "test",
                    "tests"
                ],
                "branch-alias": {
                    "dev-master": "1.0.1-dev"
                }
            },
            "description": "This is a plugin for CKEditor, you can use markdown mode in CKEditor. Moreover, your article in WYSIWYG mode can be translated to markdown.",
            "keywords": [
                "ckeditor",
                "markdown",
                "plugin"
            ],
            "time": "2015-10-06 17:10:14"
        },
        {
            "name": "composer/installers",
            "version": "v1.2.0",
            "source": {
                "type": "git",
                "url": "https://github.com/composer/installers.git",
                "reference": "d78064c68299743e0161004f2de3a0204e33b804"
            },
            "dist": {
                "type": "zip",
                "url": "https://api.github.com/repos/composer/installers/zipball/d78064c68299743e0161004f2de3a0204e33b804",
                "reference": "d78064c68299743e0161004f2de3a0204e33b804",
                "shasum": ""
            },
            "require": {
                "composer-plugin-api": "^1.0"
            },
            "replace": {
                "roundcube/plugin-installer": "*",
                "shama/baton": "*"
            },
            "require-dev": {
                "composer/composer": "1.0.*@dev",
                "phpunit/phpunit": "4.1.*"
            },
            "type": "composer-plugin",
            "extra": {
                "class": "Composer\\Installers\\Plugin",
                "branch-alias": {
                    "dev-master": "1.0-dev"
                }
            },
            "autoload": {
                "psr-4": {
                    "Composer\\Installers\\": "src/Composer/Installers"
                }
            },
            "notification-url": "https://packagist.org/downloads/",
            "license": [
                "MIT"
            ],
            "authors": [
                {
                    "name": "Kyle Robinson Young",
                    "email": "kyle@dontkry.com",
                    "homepage": "https://github.com/shama"
                }
            ],
            "description": "A multi-framework Composer library installer",
            "homepage": "https://composer.github.io/installers/",
            "keywords": [
                "Craft",
                "Dolibarr",
                "Hurad",
                "ImageCMS",
                "MODX Evo",
                "Mautic",
                "OXID",
                "Plentymarkets",
                "RadPHP",
                "SMF",
                "Thelia",
                "WolfCMS",
                "agl",
                "aimeos",
                "annotatecms",
                "attogram",
                "bitrix",
                "cakephp",
                "chef",
                "cockpit",
                "codeigniter",
                "concrete5",
                "croogo",
                "dokuwiki",
                "drupal",
                "elgg",
                "expressionengine",
                "fuelphp",
                "grav",
                "installer",
                "joomla",
                "kohana",
                "laravel",
                "lithium",
                "magento",
                "mako",
                "mediawiki",
                "modulework",
                "moodle",
                "phpbb",
                "piwik",
                "ppi",
                "puppet",
                "reindex",
                "roundcube",
                "shopware",
                "silverstripe",
                "symfony",
                "typo3",
                "wordpress",
                "yawik",
                "zend",
                "zikula"
            ],
            "time": "2016-08-13T20:53:52+00:00"
        }
    ],
    "packages-dev": [],
    "aliases": [],
    "minimum-stability": "dev",
    "stability-flags": [],
    "prefer-stable": false,
    "prefer-lowest": false,
    "platform": [],
    "platform-dev": []
}
